
Microsoft Visual Studio Solution File, Format Version 12.00
# Visual Studio Version 17
VisualStudioVersion = 17.0.31919.166
MinimumVisualStudioVersion = 10.0.40219.1
Project("{9A19103F-16F7-4668-BE54-9A1E7A4F7556}") = "Models.Run", "Models.Run\Models.Run.csproj", "{58E51362-6512-4156-B4B6-A9A8FFAF39A8}"
EndProject
Project("{9A19103F-16F7-4668-BE54-9A1E7A4F7556}") = "SciSharp.Models.TextClassification", "SciSharp.Models.TextClassification\SciSharp.Models.TextClassification.csproj", "{BF2D7B0B-F248-4EAF-8100-4E8E4F8E69BD}"
EndProject
Project("{9A19103F-16F7-4668-BE54-9A1E7A4F7556}") = "SciSharp.Models.Transformer", "SciSharp.Models.Transformer\SciSharp.Models.Transformer.csproj", "{C8EA95F1-CCDD-4E32-802E-5A4A2239E1C0}"
EndProject
Project("{9A19103F-16F7-4668-BE54-9A1E7A4F7556}") = "SciSharp.Models.TimeSeries", "SciSharp.Models.TimeSeries\SciSharp.Models.TimeSeries.csproj", "{2414D2B0-2771-4282-9739-C92B307D8657}"
EndProject
Project("{9A19103F-16F7-4668-BE54-9A1E7A4F7556}") = "SciSharp.Models.Core", "SciSharp.Models.Core\SciSharp.Models.Core.csproj", "{B31E0826-3F80-41F2-B3BB-946BB327DD77}"
EndProject
Project("{9A19103F-16F7-4668-BE54-9A1E7A4F7556}") = "SciSharp.Models.AudioRecognition", "SciSharp.Models.AudioRecognition\SciSharp.Models.AudioRecognition.csproj", "{4A694085-66F1-41B1-B5AA-0154EEF8FBAA}"
EndProject
Project("{9A19103F-16F7-4668-BE54-9A1E7A4F7556}") = "SciSharp.Models.ImageClassification", "SciSharp.Models.ImageClassification\SciSharp.Models.ImageClassification.csproj", "{146DCD2A-A0DA-45FA-A198-A94DD2EA1EC2}"
EndProject
Project("{9A19103F-16F7-4668-BE54-9A1E7A4F7556}") = "Pandas.Net", "..\Pandas.NET\src\Pandas.NET\Pandas.Net.csproj", "{B69D3173-1A6B-4980-9741-2B291F43E860}"
EndProject
Project("{9A19103F-16F7-4668-BE54-9A1E7A4F7556}") = "PlotNET", "..\Plot.NET\src\PlotNET\PlotNET.csproj", "{A828BF8E-F2A5-45CB-91CE-2A6901DA19F6}"
EndProject
Project("{FAE04EC0-301F-11D3-BF4B-00C04F79EFBC}") = "SciSharp.Models.ObjectDetection", "SciSharp.Models.ObjectDetection\SciSharp.Models.ObjectDetection.csproj", "{6ECE2D65-09E3-42D5-B6C1-9F58DA122367}"
EndProject
Project("{9A19103F-16F7-4668-BE54-9A1E7A4F7556}") = "Tensorflow.Binding", "..\TensorFlow.NET\src\TensorFlowNET.Core\Tensorflow.Binding.csproj", "{DA9F0097-969F-4CE0-A684-94B0FF21545A}"
EndProject
Project("{9A19103F-16F7-4668-BE54-9A1E7A4F7556}") = "Tensorflow.Keras", "..\TensorFlow.NET\src\TensorFlowNET.Keras\Tensorflow.Keras.csproj", "{1DFD5DF2-B11A-45D1-AF4F-AB914FFA410F}"
EndProject
Global
	GlobalSection(SolutionConfigurationPlatforms) = preSolution
		Debug|Any CPU = Debug|Any CPU
		Debug|x64 = Debug|x64
		Debug|x86 = Debug|x86
		Debug-Minimal|Any CPU = Debug-Minimal|Any CPU
		Debug-Minimal|x64 = Debug-Minimal|x64
		Debug-Minimal|x86 = Debug-Minimal|x86
		Publish|Any CPU = Publish|Any CPU
		Publish|x64 = Publish|x64
		Publish|x86 = Publish|x86
		Release|Any CPU = Release|Any CPU
		Release|x64 = Release|x64
		Release|x86 = Release|x86
	EndGlobalSection
	GlobalSection(ProjectConfigurationPlatforms) = postSolution
		{58E51362-6512-4156-B4B6-A9A8FFAF39A8}.Debug|Any CPU.ActiveCfg = Debug|Any CPU
		{58E51362-6512-4156-B4B6-A9A8FFAF39A8}.Debug|Any CPU.Build.0 = Debug|Any CPU
		{58E51362-6512-4156-B4B6-A9A8FFAF39A8}.Debug|x64.ActiveCfg = Debug|x64
		{58E51362-6512-4156-B4B6-A9A8FFAF39A8}.Debug|x64.Build.0 = Debug|x64
		{58E51362-6512-4156-B4B6-A9A8FFAF39A8}.Debug|x86.ActiveCfg = Debug|Any CPU
		{58E51362-6512-4156-B4B6-A9A8FFAF39A8}.Debug|x86.Build.0 = Debug|Any CPU
		{58E51362-6512-4156-B4B6-A9A8FFAF39A8}.Debug-Minimal|Any CPU.ActiveCfg = Debug|Any CPU
		{58E51362-6512-4156-B4B6-A9A8FFAF39A8}.Debug-Minimal|Any CPU.Build.0 = Debug|Any CPU
		{58E51362-6512-4156-B4B6-A9A8FFAF39A8}.Debug-Minimal|x64.ActiveCfg = Debug|x64
		{58E51362-6512-4156-B4B6-A9A8FFAF39A8}.Debug-Minimal|x64.Build.0 = Debug|x64
		{58E51362-6512-4156-B4B6-A9A8FFAF39A8}.Debug-Minimal|x86.ActiveCfg = Debug|Any CPU
		{58E51362-6512-4156-B4B6-A9A8FFAF39A8}.Debug-Minimal|x86.Build.0 = Debug|Any CPU
		{58E51362-6512-4156-B4B6-A9A8FFAF39A8}.Publish|Any CPU.ActiveCfg = Release|Any CPU
		{58E51362-6512-4156-B4B6-A9A8FFAF39A8}.Publish|Any CPU.Build.0 = Release|Any CPU
		{58E51362-6512-4156-B4B6-A9A8FFAF39A8}.Publish|x64.ActiveCfg = Release|x64
		{58E51362-6512-4156-B4B6-A9A8FFAF39A8}.Publish|x64.Build.0 = Release|x64
		{58E51362-6512-4156-B4B6-A9A8FFAF39A8}.Publish|x86.ActiveCfg = Release|Any CPU
		{58E51362-6512-4156-B4B6-A9A8FFAF39A8}.Publish|x86.Build.0 = Release|Any CPU
		{58E51362-6512-4156-B4B6-A9A8FFAF39A8}.Release|Any CPU.ActiveCfg = Release|Any CPU
		{58E51362-6512-4156-B4B6-A9A8FFAF39A8}.Release|Any CPU.Build.0 = Release|Any CPU
		{58E51362-6512-4156-B4B6-A9A8FFAF39A8}.Release|x64.ActiveCfg = Release|Any CPU
		{58E51362-6512-4156-B4B6-A9A8FFAF39A8}.Release|x64.Build.0 = Release|Any CPU
		{58E51362-6512-4156-B4B6-A9A8FFAF39A8}.Release|x86.ActiveCfg = Release|Any CPU
		{58E51362-6512-4156-B4B6-A9A8FFAF39A8}.Release|x86.Build.0 = Release|Any CPU
		{BF2D7B0B-F248-4EAF-8100-4E8E4F8E69BD}.Debug|Any CPU.ActiveCfg = Debug|Any CPU
		{BF2D7B0B-F248-4EAF-8100-4E8E4F8E69BD}.Debug|Any CPU.Build.0 = Debug|Any CPU
		{BF2D7B0B-F248-4EAF-8100-4E8E4F8E69BD}.Debug|x64.ActiveCfg = Debug|x64
		{BF2D7B0B-F248-4EAF-8100-4E8E4F8E69BD}.Debug|x64.Build.0 = Debug|x64
		{BF2D7B0B-F248-4EAF-8100-4E8E4F8E69BD}.Debug|x86.ActiveCfg = Debug|Any CPU
		{BF2D7B0B-F248-4EAF-8100-4E8E4F8E69BD}.Debug|x86.Build.0 = Debug|Any CPU
		{BF2D7B0B-F248-4EAF-8100-4E8E4F8E69BD}.Debug-Minimal|Any CPU.ActiveCfg = Debug|Any CPU
		{BF2D7B0B-F248-4EAF-8100-4E8E4F8E69BD}.Debug-Minimal|Any CPU.Build.0 = Debug|Any CPU
		{BF2D7B0B-F248-4EAF-8100-4E8E4F8E69BD}.Debug-Minimal|x64.ActiveCfg = Debug|x64
		{BF2D7B0B-F248-4EAF-8100-4E8E4F8E69BD}.Debug-Minimal|x64.Build.0 = Debug|x64
		{BF2D7B0B-F248-4EAF-8100-4E8E4F8E69BD}.Debug-Minimal|x86.ActiveCfg = Debug|Any CPU
		{BF2D7B0B-F248-4EAF-8100-4E8E4F8E69BD}.Debug-Minimal|x86.Build.0 = Debug|Any CPU
		{BF2D7B0B-F248-4EAF-8100-4E8E4F8E69BD}.Publish|Any CPU.ActiveCfg = Release|Any CPU
		{BF2D7B0B-F248-4EAF-8100-4E8E4F8E69BD}.Publish|Any CPU.Build.0 = Release|Any CPU
		{BF2D7B0B-F248-4EAF-8100-4E8E4F8E69BD}.Publish|x64.ActiveCfg = Release|x64
		{BF2D7B0B-F248-4EAF-8100-4E8E4F8E69BD}.Publish|x64.Build.0 = Release|x64
		{BF2D7B0B-F248-4EAF-8100-4E8E4F8E69BD}.Publish|x86.ActiveCfg = Release|Any CPU
		{BF2D7B0B-F248-4EAF-8100-4E8E4F8E69BD}.Publish|x86.Build.0 = Release|Any CPU
		{BF2D7B0B-F248-4EAF-8100-4E8E4F8E69BD}.Release|Any CPU.ActiveCfg = Release|Any CPU
		{BF2D7B0B-F248-4EAF-8100-4E8E4F8E69BD}.Release|Any CPU.Build.0 = Release|Any CPU
		{BF2D7B0B-F248-4EAF-8100-4E8E4F8E69BD}.Release|x64.ActiveCfg = Release|Any CPU
		{BF2D7B0B-F248-4EAF-8100-4E8E4F8E69BD}.Release|x64.Build.0 = Release|Any CPU
		{BF2D7B0B-F248-4EAF-8100-4E8E4F8E69BD}.Release|x86.ActiveCfg = Release|Any CPU
		{BF2D7B0B-F248-4EAF-8100-4E8E4F8E69BD}.Release|x86.Build.0 = Release|Any CPU
		{C8EA95F1-CCDD-4E32-802E-5A4A2239E1C0}.Debug|Any CPU.ActiveCfg = Debug|Any CPU
		{C8EA95F1-CCDD-4E32-802E-5A4A2239E1C0}.Debug|Any CPU.Build.0 = Debug|Any CPU
		{C8EA95F1-CCDD-4E32-802E-5A4A2239E1C0}.Debug|x64.ActiveCfg = Debug|x64
		{C8EA95F1-CCDD-4E32-802E-5A4A2239E1C0}.Debug|x64.Build.0 = Debug|x64
		{C8EA95F1-CCDD-4E32-802E-5A4A2239E1C0}.Debug|x86.ActiveCfg = Debug|Any CPU
		{C8EA95F1-CCDD-4E32-802E-5A4A2239E1C0}.Debug|x86.Build.0 = Debug|Any CPU
		{C8EA95F1-CCDD-4E32-802E-5A4A2239E1C0}.Debug-Minimal|Any CPU.ActiveCfg = Debug|Any CPU
		{C8EA95F1-CCDD-4E32-802E-5A4A2239E1C0}.Debug-Minimal|Any CPU.Build.0 = Debug|Any CPU
		{C8EA95F1-CCDD-4E32-802E-5A4A2239E1C0}.Debug-Minimal|x64.ActiveCfg = Debug|x64
		{C8EA95F1-CCDD-4E32-802E-5A4A2239E1C0}.Debug-Minimal|x64.Build.0 = Debug|x64
		{C8EA95F1-CCDD-4E32-802E-5A4A2239E1C0}.Debug-Minimal|x86.ActiveCfg = Debug|Any CPU
		{C8EA95F1-CCDD-4E32-802E-5A4A2239E1C0}.Debug-Minimal|x86.Build.0 = Debug|Any CPU
		{C8EA95F1-CCDD-4E32-802E-5A4A2239E1C0}.Publish|Any CPU.ActiveCfg = Release|Any CPU
		{C8EA95F1-CCDD-4E32-802E-5A4A2239E1C0}.Publish|Any CPU.Build.0 = Release|Any CPU
		{C8EA95F1-CCDD-4E32-802E-5A4A2239E1C0}.Publish|x64.ActiveCfg = Release|x64
		{C8EA95F1-CCDD-4E32-802E-5A4A2239E1C0}.Publish|x64.Build.0 = Release|x64
		{C8EA95F1-CCDD-4E32-802E-5A4A2239E1C0}.Publish|x86.ActiveCfg = Release|Any CPU
		{C8EA95F1-CCDD-4E32-802E-5A4A2239E1C0}.Publish|x86.Build.0 = Release|Any CPU
		{C8EA95F1-CCDD-4E32-802E-5A4A2239E1C0}.Release|Any CPU.ActiveCfg = Release|Any CPU
		{C8EA95F1-CCDD-4E32-802E-5A4A2239E1C0}.Release|Any CPU.Build.0 = Release|Any CPU
		{C8EA95F1-CCDD-4E32-802E-5A4A2239E1C0}.Release|x64.ActiveCfg = Release|Any CPU
		{C8EA95F1-CCDD-4E32-802E-5A4A2239E1C0}.Release|x64.Build.0 = Release|Any CPU
		{C8EA95F1-CCDD-4E32-802E-5A4A2239E1C0}.Release|x86.ActiveCfg = Release|Any CPU
		{C8EA95F1-CCDD-4E32-802E-5A4A2239E1C0}.Release|x86.Build.0 = Release|Any CPU
		{2414D2B0-2771-4282-9739-C92B307D8657}.Debug|Any CPU.ActiveCfg = Debug|Any CPU
		{2414D2B0-2771-4282-9739-C92B307D8657}.Debug|Any CPU.Build.0 = Debug|Any CPU
		{2414D2B0-2771-4282-9739-C92B307D8657}.Debug|x64.ActiveCfg = Debug|Any CPU
		{2414D2B0-2771-4282-9739-C92B307D8657}.Debug|x64.Build.0 = Debug|Any CPU
		{2414D2B0-2771-4282-9739-C92B307D8657}.Debug|x86.ActiveCfg = Debug|Any CPU
		{2414D2B0-2771-4282-9739-C92B307D8657}.Debug|x86.Build.0 = Debug|Any CPU
		{2414D2B0-2771-4282-9739-C92B307D8657}.Debug-Minimal|Any CPU.ActiveCfg = Debug|Any CPU
		{2414D2B0-2771-4282-9739-C92B307D8657}.Debug-Minimal|Any CPU.Build.0 = Debug|Any CPU
		{2414D2B0-2771-4282-9739-C92B307D8657}.Debug-Minimal|x64.ActiveCfg = Debug|Any CPU
		{2414D2B0-2771-4282-9739-C92B307D8657}.Debug-Minimal|x64.Build.0 = Debug|Any CPU
		{2414D2B0-2771-4282-9739-C92B307D8657}.Debug-Minimal|x86.ActiveCfg = Debug|Any CPU
		{2414D2B0-2771-4282-9739-C92B307D8657}.Debug-Minimal|x86.Build.0 = Debug|Any CPU
		{2414D2B0-2771-4282-9739-C92B307D8657}.Publish|Any CPU.ActiveCfg = Debug|Any CPU
		{2414D2B0-2771-4282-9739-C92B307D8657}.Publish|Any CPU.Build.0 = Debug|Any CPU
		{2414D2B0-2771-4282-9739-C92B307D8657}.Publish|x64.ActiveCfg = Debug|Any CPU
		{2414D2B0-2771-4282-9739-C92B307D8657}.Publish|x64.Build.0 = Debug|Any CPU
		{2414D2B0-2771-4282-9739-C92B307D8657}.Publish|x86.ActiveCfg = Debug|Any CPU
		{2414D2B0-2771-4282-9739-C92B307D8657}.Publish|x86.Build.0 = Debug|Any CPU
		{2414D2B0-2771-4282-9739-C92B307D8657}.Release|Any CPU.ActiveCfg = Release|Any CPU
		{2414D2B0-2771-4282-9739-C92B307D8657}.Release|Any CPU.Build.0 = Release|Any CPU
		{2414D2B0-2771-4282-9739-C92B307D8657}.Release|x64.ActiveCfg = Release|Any CPU
		{2414D2B0-2771-4282-9739-C92B307D8657}.Release|x64.Build.0 = Release|Any CPU
		{2414D2B0-2771-4282-9739-C92B307D8657}.Release|x86.ActiveCfg = Release|Any CPU
		{2414D2B0-2771-4282-9739-C92B307D8657}.Release|x86.Build.0 = Release|Any CPU
		{B31E0826-3F80-41F2-B3BB-946BB327DD77}.Debug|Any CPU.ActiveCfg = Debug|Any CPU
		{B31E0826-3F80-41F2-B3BB-946BB327DD77}.Debug|Any CPU.Build.0 = Debug|Any CPU
		{B31E0826-3F80-41F2-B3BB-946BB327DD77}.Debug|x64.ActiveCfg = Debug|Any CPU
		{B31E0826-3F80-41F2-B3BB-946BB327DD77}.Debug|x64.Build.0 = Debug|Any CPU
		{B31E0826-3F80-41F2-B3BB-946BB327DD77}.Debug|x86.ActiveCfg = Debug|Any CPU
		{B31E0826-3F80-41F2-B3BB-946BB327DD77}.Debug|x86.Build.0 = Debug|Any CPU
		{B31E0826-3F80-41F2-B3BB-946BB327DD77}.Debug-Minimal|Any CPU.ActiveCfg = Debug|Any CPU
		{B31E0826-3F80-41F2-B3BB-946BB327DD77}.Debug-Minimal|Any CPU.Build.0 = Debug|Any CPU
		{B31E0826-3F80-41F2-B3BB-946BB327DD77}.Debug-Minimal|x64.ActiveCfg = Debug|Any CPU
		{B31E0826-3F80-41F2-B3BB-946BB327DD77}.Debug-Minimal|x64.Build.0 = Debug|Any CPU
		{B31E0826-3F80-41F2-B3BB-946BB327DD77}.Debug-Minimal|x86.ActiveCfg = Debug|Any CPU
		{B31E0826-3F80-41F2-B3BB-946BB327DD77}.Debug-Minimal|x86.Build.0 = Debug|Any CPU
		{B31E0826-3F80-41F2-B3BB-946BB327DD77}.Publish|Any CPU.ActiveCfg = Debug|Any CPU
		{B31E0826-3F80-41F2-B3BB-946BB327DD77}.Publish|Any CPU.Build.0 = Debug|Any CPU
		{B31E0826-3F80-41F2-B3BB-946BB327DD77}.Publish|x64.ActiveCfg = Debug|Any CPU
		{B31E0826-3F80-41F2-B3BB-946BB327DD77}.Publish|x64.Build.0 = Debug|Any CPU
		{B31E0826-3F80-41F2-B3BB-946BB327DD77}.Publish|x86.ActiveCfg = Debug|Any CPU
		{B31E0826-3F80-41F2-B3BB-946BB327DD77}.Publish|x86.Build.0 = Debug|Any CPU
		{B31E0826-3F80-41F2-B3BB-946BB327DD77}.Release|Any CPU.ActiveCfg = Release|Any CPU
		{B31E0826-3F80-41F2-B3BB-946BB327DD77}.Release|Any CPU.Build.0 = Release|Any CPU
		{B31E0826-3F80-41F2-B3BB-946BB327DD77}.Release|x64.ActiveCfg = Release|Any CPU
		{B31E0826-3F80-41F2-B3BB-946BB327DD77}.Release|x64.Build.0 = Release|Any CPU
		{B31E0826-3F80-41F2-B3BB-946BB327DD77}.Release|x86.ActiveCfg = Release|Any CPU
		{B31E0826-3F80-41F2-B3BB-946BB327DD77}.Release|x86.Build.0 = Release|Any CPU
		{4A694085-66F1-41B1-B5AA-0154EEF8FBAA}.Debug|Any CPU.ActiveCfg = Debug|Any CPU
		{4A694085-66F1-41B1-B5AA-0154EEF8FBAA}.Debug|Any CPU.Build.0 = Debug|Any CPU
		{4A694085-66F1-41B1-B5AA-0154EEF8FBAA}.Debug|x64.ActiveCfg = Debug|Any CPU
		{4A694085-66F1-41B1-B5AA-0154EEF8FBAA}.Debug|x64.Build.0 = Debug|Any CPU
		{4A694085-66F1-41B1-B5AA-0154EEF8FBAA}.Debug|x86.ActiveCfg = Debug|Any CPU
		{4A694085-66F1-41B1-B5AA-0154EEF8FBAA}.Debug|x86.Build.0 = Debug|Any CPU
		{4A694085-66F1-41B1-B5AA-0154EEF8FBAA}.Debug-Minimal|Any CPU.ActiveCfg = Debug|Any CPU
		{4A694085-66F1-41B1-B5AA-0154EEF8FBAA}.Debug-Minimal|Any CPU.Build.0 = Debug|Any CPU
		{4A694085-66F1-41B1-B5AA-0154EEF8FBAA}.Debug-Minimal|x64.ActiveCfg = Debug|Any CPU
		{4A694085-66F1-41B1-B5AA-0154EEF8FBAA}.Debug-Minimal|x64.Build.0 = Debug|Any CPU
		{4A694085-66F1-41B1-B5AA-0154EEF8FBAA}.Debug-Minimal|x86.ActiveCfg = Debug|Any CPU
		{4A694085-66F1-41B1-B5AA-0154EEF8FBAA}.Debug-Minimal|x86.Build.0 = Debug|Any CPU
		{4A694085-66F1-41B1-B5AA-0154EEF8FBAA}.Publish|Any CPU.ActiveCfg = Debug|Any CPU
		{4A694085-66F1-41B1-B5AA-0154EEF8FBAA}.Publish|Any CPU.Build.0 = Debug|Any CPU
		{4A694085-66F1-41B1-B5AA-0154EEF8FBAA}.Publish|x64.ActiveCfg = Debug|Any CPU
		{4A694085-66F1-41B1-B5AA-0154EEF8FBAA}.Publish|x64.Build.0 = Debug|Any CPU
		{4A694085-66F1-41B1-B5AA-0154EEF8FBAA}.Publish|x86.ActiveCfg = Debug|Any CPU
		{4A694085-66F1-41B1-B5AA-0154EEF8FBAA}.Publish|x86.Build.0 = Debug|Any CPU
		{4A694085-66F1-41B1-B5AA-0154EEF8FBAA}.Release|Any CPU.ActiveCfg = Release|Any CPU
		{4A694085-66F1-41B1-B5AA-0154EEF8FBAA}.Release|Any CPU.Build.0 = Release|Any CPU
		{4A694085-66F1-41B1-B5AA-0154EEF8FBAA}.Release|x64.ActiveCfg = Release|Any CPU
		{4A694085-66F1-41B1-B5AA-0154EEF8FBAA}.Release|x64.Build.0 = Release|Any CPU
		{4A694085-66F1-41B1-B5AA-0154EEF8FBAA}.Release|x86.ActiveCfg = Release|Any CPU
		{4A694085-66F1-41B1-B5AA-0154EEF8FBAA}.Release|x86.Build.0 = Release|Any CPU
		{146DCD2A-A0DA-45FA-A198-A94DD2EA1EC2}.Debug|Any CPU.ActiveCfg = Debug|Any CPU
		{146DCD2A-A0DA-45FA-A198-A94DD2EA1EC2}.Debug|Any CPU.Build.0 = Debug|Any CPU
		{146DCD2A-A0DA-45FA-A198-A94DD2EA1EC2}.Debug|x64.ActiveCfg = Debug|Any CPU
		{146DCD2A-A0DA-45FA-A198-A94DD2EA1EC2}.Debug|x64.Build.0 = Debug|Any CPU
		{146DCD2A-A0DA-45FA-A198-A94DD2EA1EC2}.Debug|x86.ActiveCfg = Debug|Any CPU
		{146DCD2A-A0DA-45FA-A198-A94DD2EA1EC2}.Debug|x86.Build.0 = Debug|Any CPU
		{146DCD2A-A0DA-45FA-A198-A94DD2EA1EC2}.Debug-Minimal|Any CPU.ActiveCfg = Debug|Any CPU
		{146DCD2A-A0DA-45FA-A198-A94DD2EA1EC2}.Debug-Minimal|Any CPU.Build.0 = Debug|Any CPU
		{146DCD2A-A0DA-45FA-A198-A94DD2EA1EC2}.Debug-Minimal|x64.ActiveCfg = Debug|Any CPU
		{146DCD2A-A0DA-45FA-A198-A94DD2EA1EC2}.Debug-Minimal|x64.Build.0 = Debug|Any CPU
		{146DCD2A-A0DA-45FA-A198-A94DD2EA1EC2}.Debug-Minimal|x86.ActiveCfg = Debug|Any CPU
		{146DCD2A-A0DA-45FA-A198-A94DD2EA1EC2}.Debug-Minimal|x86.Build.0 = Debug|Any CPU
		{146DCD2A-A0DA-45FA-A198-A94DD2EA1EC2}.Publish|Any CPU.ActiveCfg = Debug|Any CPU
		{146DCD2A-A0DA-45FA-A198-A94DD2EA1EC2}.Publish|Any CPU.Build.0 = Debug|Any CPU
		{146DCD2A-A0DA-45FA-A198-A94DD2EA1EC2}.Publish|x64.ActiveCfg = Debug|Any CPU
		{146DCD2A-A0DA-45FA-A198-A94DD2EA1EC2}.Publish|x64.Build.0 = Debug|Any CPU
		{146DCD2A-A0DA-45FA-A198-A94DD2EA1EC2}.Publish|x86.ActiveCfg = Debug|Any CPU
		{146DCD2A-A0DA-45FA-A198-A94DD2EA1EC2}.Publish|x86.Build.0 = Debug|Any CPU
		{146DCD2A-A0DA-45FA-A198-A94DD2EA1EC2}.Release|Any CPU.ActiveCfg = Release|Any CPU
		{146DCD2A-A0DA-45FA-A198-A94DD2EA1EC2}.Release|Any CPU.Build.0 = Release|Any CPU
		{146DCD2A-A0DA-45FA-A198-A94DD2EA1EC2}.Release|x64.ActiveCfg = Release|Any CPU
		{146DCD2A-A0DA-45FA-A198-A94DD2EA1EC2}.Release|x64.Build.0 = Release|Any CPU
		{146DCD2A-A0DA-45FA-A198-A94DD2EA1EC2}.Release|x86.ActiveCfg = Release|Any CPU
		{146DCD2A-A0DA-45FA-A198-A94DD2EA1EC2}.Release|x86.Build.0 = Release|Any CPU
		{B69D3173-1A6B-4980-9741-2B291F43E860}.Debug|Any CPU.ActiveCfg = Debug|Any CPU
		{B69D3173-1A6B-4980-9741-2B291F43E860}.Debug|Any CPU.Build.0 = Debug|Any CPU
		{B69D3173-1A6B-4980-9741-2B291F43E860}.Debug|x64.ActiveCfg = Debug|Any CPU
		{B69D3173-1A6B-4980-9741-2B291F43E860}.Debug|x64.Build.0 = Debug|Any CPU
		{B69D3173-1A6B-4980-9741-2B291F43E860}.Debug|x86.ActiveCfg = Debug|Any CPU
		{B69D3173-1A6B-4980-9741-2B291F43E860}.Debug|x86.Build.0 = Debug|Any CPU
		{B69D3173-1A6B-4980-9741-2B291F43E860}.Debug-Minimal|Any CPU.ActiveCfg = Debug|Any CPU
		{B69D3173-1A6B-4980-9741-2B291F43E860}.Debug-Minimal|Any CPU.Build.0 = Debug|Any CPU
		{B69D3173-1A6B-4980-9741-2B291F43E860}.Debug-Minimal|x64.ActiveCfg = Debug|Any CPU
		{B69D3173-1A6B-4980-9741-2B291F43E860}.Debug-Minimal|x64.Build.0 = Debug|Any CPU
		{B69D3173-1A6B-4980-9741-2B291F43E860}.Debug-Minimal|x86.ActiveCfg = Debug|Any CPU
		{B69D3173-1A6B-4980-9741-2B291F43E860}.Debug-Minimal|x86.Build.0 = Debug|Any CPU
		{B69D3173-1A6B-4980-9741-2B291F43E860}.Publish|Any CPU.ActiveCfg = Debug|Any CPU
		{B69D3173-1A6B-4980-9741-2B291F43E860}.Publish|Any CPU.Build.0 = Debug|Any CPU
		{B69D3173-1A6B-4980-9741-2B291F43E860}.Publish|x64.ActiveCfg = Debug|Any CPU
		{B69D3173-1A6B-4980-9741-2B291F43E860}.Publish|x64.Build.0 = Debug|Any CPU
		{B69D3173-1A6B-4980-9741-2B291F43E860}.Publish|x86.ActiveCfg = Debug|Any CPU
		{B69D3173-1A6B-4980-9741-2B291F43E860}.Publish|x86.Build.0 = Debug|Any CPU
		{B69D3173-1A6B-4980-9741-2B291F43E860}.Release|Any CPU.ActiveCfg = Release|Any CPU
		{B69D3173-1A6B-4980-9741-2B291F43E860}.Release|Any CPU.Build.0 = Release|Any CPU
		{B69D3173-1A6B-4980-9741-2B291F43E860}.Release|x64.ActiveCfg = Release|Any CPU
		{B69D3173-1A6B-4980-9741-2B291F43E860}.Release|x64.Build.0 = Release|Any CPU
		{B69D3173-1A6B-4980-9741-2B291F43E860}.Release|x86.ActiveCfg = Release|Any CPU
		{B69D3173-1A6B-4980-9741-2B291F43E860}.Release|x86.Build.0 = Release|Any CPU
		{A828BF8E-F2A5-45CB-91CE-2A6901DA19F6}.Debug|Any CPU.ActiveCfg = Debug|Any CPU
		{A828BF8E-F2A5-45CB-91CE-2A6901DA19F6}.Debug|Any CPU.Build.0 = Debug|Any CPU
		{A828BF8E-F2A5-45CB-91CE-2A6901DA19F6}.Debug|x64.ActiveCfg = Debug|Any CPU
		{A828BF8E-F2A5-45CB-91CE-2A6901DA19F6}.Debug|x64.Build.0 = Debug|Any CPU
		{A828BF8E-F2A5-45CB-91CE-2A6901DA19F6}.Debug|x86.ActiveCfg = Debug|Any CPU
		{A828BF8E-F2A5-45CB-91CE-2A6901DA19F6}.Debug|x86.Build.0 = Debug|Any CPU
		{A828BF8E-F2A5-45CB-91CE-2A6901DA19F6}.Debug-Minimal|Any CPU.ActiveCfg = Debug|Any CPU
		{A828BF8E-F2A5-45CB-91CE-2A6901DA19F6}.Debug-Minimal|Any CPU.Build.0 = Debug|Any CPU
		{A828BF8E-F2A5-45CB-91CE-2A6901DA19F6}.Debug-Minimal|x64.ActiveCfg = Debug|Any CPU
		{A828BF8E-F2A5-45CB-91CE-2A6901DA19F6}.Debug-Minimal|x64.Build.0 = Debug|Any CPU
		{A828BF8E-F2A5-45CB-91CE-2A6901DA19F6}.Debug-Minimal|x86.ActiveCfg = Debug|Any CPU
		{A828BF8E-F2A5-45CB-91CE-2A6901DA19F6}.Debug-Minimal|x86.Build.0 = Debug|Any CPU
		{A828BF8E-F2A5-45CB-91CE-2A6901DA19F6}.Publish|Any CPU.ActiveCfg = Debug|Any CPU
		{A828BF8E-F2A5-45CB-91CE-2A6901DA19F6}.Publish|Any CPU.Build.0 = Debug|Any CPU
		{A828BF8E-F2A5-45CB-91CE-2A6901DA19F6}.Publish|x64.ActiveCfg = Debug|Any CPU
		{A828BF8E-F2A5-45CB-91CE-2A6901DA19F6}.Publish|x64.Build.0 = Debug|Any CPU
		{A828BF8E-F2A5-45CB-91CE-2A6901DA19F6}.Publish|x86.ActiveCfg = Debug|Any CPU
		{A828BF8E-F2A5-45CB-91CE-2A6901DA19F6}.Publish|x86.Build.0 = Debug|Any CPU
		{A828BF8E-F2A5-45CB-91CE-2A6901DA19F6}.Release|Any CPU.ActiveCfg = Release|Any CPU
		{A828BF8E-F2A5-45CB-91CE-2A6901DA19F6}.Release|Any CPU.Build.0 = Release|Any CPU
		{A828BF8E-F2A5-45CB-91CE-2A6901DA19F6}.Release|x64.ActiveCfg = Release|Any CPU
		{A828BF8E-F2A5-45CB-91CE-2A6901DA19F6}.Release|x64.Build.0 = Release|Any CPU
		{A828BF8E-F2A5-45CB-91CE-2A6901DA19F6}.Release|x86.ActiveCfg = Release|Any CPU
		{A828BF8E-F2A5-45CB-91CE-2A6901DA19F6}.Release|x86.Build.0 = Release|Any CPU
		{6ECE2D65-09E3-42D5-B6C1-9F58DA122367}.Debug|Any CPU.ActiveCfg = Debug|Any CPU
		{6ECE2D65-09E3-42D5-B6C1-9F58DA122367}.Debug|Any CPU.Build.0 = Debug|Any CPU
		{6ECE2D65-09E3-42D5-B6C1-9F58DA122367}.Debug|x64.ActiveCfg = Debug|Any CPU
		{6ECE2D65-09E3-42D5-B6C1-9F58DA122367}.Debug|x64.Build.0 = Debug|Any CPU
		{6ECE2D65-09E3-42D5-B6C1-9F58DA122367}.Debug|x86.ActiveCfg = Debug|Any CPU
		{6ECE2D65-09E3-42D5-B6C1-9F58DA122367}.Debug|x86.Build.0 = Debug|Any CPU
		{6ECE2D65-09E3-42D5-B6C1-9F58DA122367}.Debug-Minimal|Any CPU.ActiveCfg = Debug|Any CPU
		{6ECE2D65-09E3-42D5-B6C1-9F58DA122367}.Debug-Minimal|Any CPU.Build.0 = Debug|Any CPU
		{6ECE2D65-09E3-42D5-B6C1-9F58DA122367}.Debug-Minimal|x64.ActiveCfg = Debug|Any CPU
		{6ECE2D65-09E3-42D5-B6C1-9F58DA122367}.Debug-Minimal|x64.Build.0 = Debug|Any CPU
		{6ECE2D65-09E3-42D5-B6C1-9F58DA122367}.Debug-Minimal|x86.ActiveCfg = Debug|Any CPU
		{6ECE2D65-09E3-42D5-B6C1-9F58DA122367}.Debug-Minimal|x86.Build.0 = Debug|Any CPU
		{6ECE2D65-09E3-42D5-B6C1-9F58DA122367}.Publish|Any CPU.ActiveCfg = Debug|Any CPU
		{6ECE2D65-09E3-42D5-B6C1-9F58DA122367}.Publish|Any CPU.Build.0 = Debug|Any CPU
		{6ECE2D65-09E3-42D5-B6C1-9F58DA122367}.Publish|x64.ActiveCfg = Debug|Any CPU
		{6ECE2D65-09E3-42D5-B6C1-9F58DA122367}.Publish|x64.Build.0 = Debug|Any CPU
		{6ECE2D65-09E3-42D5-B6C1-9F58DA122367}.Publish|x86.ActiveCfg = Debug|Any CPU
		{6ECE2D65-09E3-42D5-B6C1-9F58DA122367}.Publish|x86.Build.0 = Debug|Any CPU
		{6ECE2D65-09E3-42D5-B6C1-9F58DA122367}.Release|Any CPU.ActiveCfg = Release|Any CPU
		{6ECE2D65-09E3-42D5-B6C1-9F58DA122367}.Release|Any CPU.Build.0 = Release|Any CPU
		{6ECE2D65-09E3-42D5-B6C1-9F58DA122367}.Release|x64.ActiveCfg = Release|Any CPU
		{6ECE2D65-09E3-42D5-B6C1-9F58DA122367}.Release|x64.Build.0 = Release|Any CPU
		{6ECE2D65-09E3-42D5-B6C1-9F58DA122367}.Release|x86.ActiveCfg = Release|Any CPU
		{6ECE2D65-09E3-42D5-B6C1-9F58DA122367}.Release|x86.Build.0 = Release|Any CPU
		{DA9F0097-969F-4CE0-A684-94B0FF21545A}.Debug|Any CPU.ActiveCfg = Debug|Any CPU
		{DA9F0097-969F-4CE0-A684-94B0FF21545A}.Debug|Any CPU.Build.0 = Debug|Any CPU
		{DA9F0097-969F-4CE0-A684-94B0FF21545A}.Debug|x64.ActiveCfg = Debug|x64
		{DA9F0097-969F-4CE0-A684-94B0FF21545A}.Debug|x64.Build.0 = Debug|x64
		{DA9F0097-969F-4CE0-A684-94B0FF21545A}.Debug|x86.ActiveCfg = Debug|Any CPU
		{DA9F0097-969F-4CE0-A684-94B0FF21545A}.Debug|x86.Build.0 = Debug|Any CPU
		{DA9F0097-969F-4CE0-A684-94B0FF21545A}.Debug-Minimal|Any CPU.ActiveCfg = Debug|Any CPU
		{DA9F0097-969F-4CE0-A684-94B0FF21545A}.Debug-Minimal|Any CPU.Build.0 = Debug|Any CPU
		{DA9F0097-969F-4CE0-A684-94B0FF21545A}.Debug-Minimal|x64.ActiveCfg = Debug|x64
		{DA9F0097-969F-4CE0-A684-94B0FF21545A}.Debug-Minimal|x64.Build.0 = Debug|x64
		{DA9F0097-969F-4CE0-A684-94B0FF21545A}.Debug-Minimal|x86.ActiveCfg = Debug|Any CPU
		{DA9F0097-969F-4CE0-A684-94B0FF21545A}.Debug-Minimal|x86.Build.0 = Debug|Any CPU
		{DA9F0097-969F-4CE0-A684-94B0FF21545A}.Publish|Any CPU.ActiveCfg = Debug|Any CPU
		{DA9F0097-969F-4CE0-A684-94B0FF21545A}.Publish|Any CPU.Build.0 = Debug|Any CPU
		{DA9F0097-969F-4CE0-A684-94B0FF21545A}.Publish|x64.ActiveCfg = Debug|x64
		{DA9F0097-969F-4CE0-A684-94B0FF21545A}.Publish|x64.Build.0 = Debug|x64
		{DA9F0097-969F-4CE0-A684-94B0FF21545A}.Publish|x86.ActiveCfg = Debug|Any CPU
		{DA9F0097-969F-4CE0-A684-94B0FF21545A}.Publish|x86.Build.0 = Debug|Any CPU
		{DA9F0097-969F-4CE0-A684-94B0FF21545A}.Release|Any CPU.ActiveCfg = Release|Any CPU
		{DA9F0097-969F-4CE0-A684-94B0FF21545A}.Release|Any CPU.Build.0 = Release|Any CPU
		{DA9F0097-969F-4CE0-A684-94B0FF21545A}.Release|x64.ActiveCfg = Release|x64
		{DA9F0097-969F-4CE0-A684-94B0FF21545A}.Release|x64.Build.0 = Release|x64
		{DA9F0097-969F-4CE0-A684-94B0FF21545A}.Release|x86.ActiveCfg = Release|Any CPU
		{DA9F0097-969F-4CE0-A684-94B0FF21545A}.Release|x86.Build.0 = Release|Any CPU
		{1DFD5DF2-B11A-45D1-AF4F-AB914FFA410F}.Debug|Any CPU.ActiveCfg = Debug|Any CPU
		{1DFD5DF2-B11A-45D1-AF4F-AB914FFA410F}.Debug|Any CPU.Build.0 = Debug|Any CPU
		{1DFD5DF2-B11A-45D1-AF4F-AB914FFA410F}.Debug|x64.ActiveCfg = Debug|x64
		{1DFD5DF2-B11A-45D1-AF4F-AB914FFA410F}.Debug|x64.Build.0 = Debug|x64
		{1DFD5DF2-B11A-45D1-AF4F-AB914FFA410F}.Debug|x86.ActiveCfg = Debug|Any CPU
		{1DFD5DF2-B11A-45D1-AF4F-AB914FFA410F}.Debug|x86.Build.0 = Debug|Any CPU
		{1DFD5DF2-B11A-45D1-AF4F-AB914FFA410F}.Debug-Minimal|Any CPU.ActiveCfg = Debug|Any CPU
		{1DFD5DF2-B11A-45D1-AF4F-AB914FFA410F}.Debug-Minimal|Any CPU.Build.0 = Debug|Any CPU
		{1DFD5DF2-B11A-45D1-AF4F-AB914FFA410F}.Debug-Minimal|x64.ActiveCfg = Debug|x64
		{1DFD5DF2-B11A-45D1-AF4F-AB914FFA410F}.Debug-Minimal|x64.Build.0 = Debug|x64
		{1DFD5DF2-B11A-45D1-AF4F-AB914FFA410F}.Debug-Minimal|x86.ActiveCfg = Debug|Any CPU
		{1DFD5DF2-B11A-45D1-AF4F-AB914FFA410F}.Debug-Minimal|x86.Build.0 = Debug|Any CPU
		{1DFD5DF2-B11A-45D1-AF4F-AB914FFA410F}.Publish|Any CPU.ActiveCfg = Debug|Any CPU
		{1DFD5DF2-B11A-45D1-AF4F-AB914FFA410F}.Publish|Any CPU.Build.0 = Debug|Any CPU
		{1DFD5DF2-B11A-45D1-AF4F-AB914FFA410F}.Publish|x64.ActiveCfg = Debug|x64
		{1DFD5DF2-B11A-45D1-AF4F-AB914FFA410F}.Publish|x64.Build.0 = Debug|x64
		{1DFD5DF2-B11A-45D1-AF4F-AB914FFA410F}.Publish|x86.ActiveCfg = Debug|Any CPU
		{1DFD5DF2-B11A-45D1-AF4F-AB914FFA410F}.Publish|x86.Build.0 = Debug|Any CPU
		{1DFD5DF2-B11A-45D1-AF4F-AB914FFA410F}.Release|Any CPU.ActiveCfg = Release|Any CPU
		{1DFD5DF2-B11A-45D1-AF4F-AB914FFA410F}.Release|Any CPU.Build.0 = Release|Any CPU
		{1DFD5DF2-B11A-45D1-AF4F-AB914FFA410F}.Release|x64.ActiveCfg = Release|x64
		{1DFD5DF2-B11A-45D1-AF4F-AB914FFA410F}.Release|x64.Build.0 = Release|x64
		{1DFD5DF2-B11A-45D1-AF4F-AB914FFA410F}.Release|x86.ActiveCfg = Release|Any CPU
		{1DFD5DF2-B11A-45D1-AF4F-AB914FFA410F}.Release|x86.Build.0 = Release|Any CPU
	EndGlobalSection
	GlobalSection(SolutionProperties) = preSolution
		HideSolutionNode = FALSE
	EndGlobalSection
	GlobalSection(ExtensibilityGlobals) = postSolution
		SolutionGuid = {06479ACE-93F6-46C4-9563-169795BDEF5D}
	EndGlobalSection
EndGlobal
