
Microsoft Visual Studio Solution File, Format Version 12.00
# Visual Studio Version 16
VisualStudioVersion = 16.0.30611.23
MinimumVisualStudioVersion = 10.0.40219.1
Project("{9A19103F-16F7-4668-BE54-9A1E7A4F7556}") = "SciSharp.Models.YOLOv3", "SciSharp.Models.YOLOv3\SciSharp.Models.YOLOv3.csproj", "{62D06627-EED6-4691-8B2F-9D7F885946E9}"
EndProject
Project("{9A19103F-16F7-4668-BE54-9A1E7A4F7556}") = "Models.Run", "Models.Run\Models.Run.csproj", "{58E51362-6512-4156-B4B6-A9A8FFAF39A8}"
EndProject
Project("{9A19103F-16F7-4668-BE54-9A1E7A4F7556}") = "SciSharp.Models.YOLOv4", "SciSharp.Models.YOLOv4\SciSharp.Models.YOLOv4.csproj", "{671237E9-4320-4984-8AD7-A7E692BE6D28}"
EndProject
Project("{9A19103F-16F7-4668-BE54-9A1E7A4F7556}") = "SciSharp.Models.TextClassification", "SciSharp.Models.TextClassification\SciSharp.Models.TextClassification.csproj", "{BF2D7B0B-F248-4EAF-8100-4E8E4F8E69BD}"
EndProject
Project("{9A19103F-16F7-4668-BE54-9A1E7A4F7556}") = "SciSharp.Models.Transformer", "SciSharp.Models.Transformer\SciSharp.Models.Transformer.csproj", "{C8EA95F1-CCDD-4E32-802E-5A4A2239E1C0}"
EndProject
Project("{9A19103F-16F7-4668-BE54-9A1E7A4F7556}") = "SciSharp.Models.TimeSeries", "SciSharp.Models.TimeSeries\SciSharp.Models.TimeSeries.csproj", "{2414D2B0-2771-4282-9739-C92B307D8657}"
EndProject
Project("{FAE04EC0-301F-11D3-BF4B-00C04F79EFBC}") = "SciSharp.Models.Core", "SciSharp.Models.Core\SciSharp.Models.Core.csproj", "{B31E0826-3F80-41F2-B3BB-946BB327DD77}"
EndProject
Global
	GlobalSection(SolutionConfigurationPlatforms) = preSolution
		Debug|Any CPU = Debug|Any CPU
		Debug|x64 = Debug|x64
		Debug|x86 = Debug|x86
		Debug-Minimal|Any CPU = Debug-Minimal|Any CPU
		Debug-Minimal|x64 = Debug-Minimal|x64
		Debug-Minimal|x86 = Debug-Minimal|x86
		Publish|Any CPU = Publish|Any CPU
		Publish|x64 = Publish|x64
		Publish|x86 = Publish|x86
		Release|Any CPU = Release|Any CPU
		Release|x64 = Release|x64
		Release|x86 = Release|x86
	EndGlobalSection
	GlobalSection(ProjectConfigurationPlatforms) = postSolution
		{62D06627-EED6-4691-8B2F-9D7F885946E9}.Debug|Any CPU.ActiveCfg = Debug|Any CPU
		{62D06627-EED6-4691-8B2F-9D7F885946E9}.Debug|Any CPU.Build.0 = Debug|Any CPU
		{62D06627-EED6-4691-8B2F-9D7F885946E9}.Debug|x64.ActiveCfg = Debug|x64
		{62D06627-EED6-4691-8B2F-9D7F885946E9}.Debug|x64.Build.0 = Debug|x64
		{62D06627-EED6-4691-8B2F-9D7F885946E9}.Debug|x86.ActiveCfg = Debug|Any CPU
		{62D06627-EED6-4691-8B2F-9D7F885946E9}.Debug|x86.Build.0 = Debug|Any CPU
		{62D06627-EED6-4691-8B2F-9D7F885946E9}.Debug-Minimal|Any CPU.ActiveCfg = Debug|Any CPU
		{62D06627-EED6-4691-8B2F-9D7F885946E9}.Debug-Minimal|Any CPU.Build.0 = Debug|Any CPU
		{62D06627-EED6-4691-8B2F-9D7F885946E9}.Debug-Minimal|x64.ActiveCfg = Debug|x64
		{62D06627-EED6-4691-8B2F-9D7F885946E9}.Debug-Minimal|x64.Build.0 = Debug|x64
		{62D06627-EED6-4691-8B2F-9D7F885946E9}.Debug-Minimal|x86.ActiveCfg = Debug|Any CPU
		{62D06627-EED6-4691-8B2F-9D7F885946E9}.Debug-Minimal|x86.Build.0 = Debug|Any CPU
		{62D06627-EED6-4691-8B2F-9D7F885946E9}.Publish|Any CPU.ActiveCfg = Release|Any CPU
		{62D06627-EED6-4691-8B2F-9D7F885946E9}.Publish|Any CPU.Build.0 = Release|Any CPU
		{62D06627-EED6-4691-8B2F-9D7F885946E9}.Publish|x64.ActiveCfg = Release|x64
		{62D06627-EED6-4691-8B2F-9D7F885946E9}.Publish|x64.Build.0 = Release|x64
		{62D06627-EED6-4691-8B2F-9D7F885946E9}.Publish|x86.ActiveCfg = Release|Any CPU
		{62D06627-EED6-4691-8B2F-9D7F885946E9}.Publish|x86.Build.0 = Release|Any CPU
		{62D06627-EED6-4691-8B2F-9D7F885946E9}.Release|Any CPU.ActiveCfg = Release|Any CPU
		{62D06627-EED6-4691-8B2F-9D7F885946E9}.Release|Any CPU.Build.0 = Release|Any CPU
		{62D06627-EED6-4691-8B2F-9D7F885946E9}.Release|x64.ActiveCfg = Release|Any CPU
		{62D06627-EED6-4691-8B2F-9D7F885946E9}.Release|x64.Build.0 = Release|Any CPU
		{62D06627-EED6-4691-8B2F-9D7F885946E9}.Release|x86.ActiveCfg = Release|Any CPU
		{62D06627-EED6-4691-8B2F-9D7F885946E9}.Release|x86.Build.0 = Release|Any CPU
		{58E51362-6512-4156-B4B6-A9A8FFAF39A8}.Debug|Any CPU.ActiveCfg = Debug|Any CPU
		{58E51362-6512-4156-B4B6-A9A8FFAF39A8}.Debug|Any CPU.Build.0 = Debug|Any CPU
		{58E51362-6512-4156-B4B6-A9A8FFAF39A8}.Debug|x64.ActiveCfg = Debug|x64
		{58E51362-6512-4156-B4B6-A9A8FFAF39A8}.Debug|x64.Build.0 = Debug|x64
		{58E51362-6512-4156-B4B6-A9A8FFAF39A8}.Debug|x86.ActiveCfg = Debug|Any CPU
		{58E51362-6512-4156-B4B6-A9A8FFAF39A8}.Debug|x86.Build.0 = Debug|Any CPU
		{58E51362-6512-4156-B4B6-A9A8FFAF39A8}.Debug-Minimal|Any CPU.ActiveCfg = Debug|Any CPU
		{58E51362-6512-4156-B4B6-A9A8FFAF39A8}.Debug-Minimal|Any CPU.Build.0 = Debug|Any CPU
		{58E51362-6512-4156-B4B6-A9A8FFAF39A8}.Debug-Minimal|x64.ActiveCfg = Debug|x64
		{58E51362-6512-4156-B4B6-A9A8FFAF39A8}.Debug-Minimal|x64.Build.0 = Debug|x64
		{58E51362-6512-4156-B4B6-A9A8FFAF39A8}.Debug-Minimal|x86.ActiveCfg = Debug|Any CPU
		{58E51362-6512-4156-B4B6-A9A8FFAF39A8}.Debug-Minimal|x86.Build.0 = Debug|Any CPU
		{58E51362-6512-4156-B4B6-A9A8FFAF39A8}.Publish|Any CPU.ActiveCfg = Release|Any CPU
		{58E51362-6512-4156-B4B6-A9A8FFAF39A8}.Publish|Any CPU.Build.0 = Release|Any CPU
		{58E51362-6512-4156-B4B6-A9A8FFAF39A8}.Publish|x64.ActiveCfg = Release|x64
		{58E51362-6512-4156-B4B6-A9A8FFAF39A8}.Publish|x64.Build.0 = Release|x64
		{58E51362-6512-4156-B4B6-A9A8FFAF39A8}.Publish|x86.ActiveCfg = Release|Any CPU
		{58E51362-6512-4156-B4B6-A9A8FFAF39A8}.Publish|x86.Build.0 = Release|Any CPU
		{58E51362-6512-4156-B4B6-A9A8FFAF39A8}.Release|Any CPU.ActiveCfg = Release|Any CPU
		{58E51362-6512-4156-B4B6-A9A8FFAF39A8}.Release|Any CPU.Build.0 = Release|Any CPU
		{58E51362-6512-4156-B4B6-A9A8FFAF39A8}.Release|x64.ActiveCfg = Release|Any CPU
		{58E51362-6512-4156-B4B6-A9A8FFAF39A8}.Release|x64.Build.0 = Release|Any CPU
		{58E51362-6512-4156-B4B6-A9A8FFAF39A8}.Release|x86.ActiveCfg = Release|Any CPU
		{58E51362-6512-4156-B4B6-A9A8FFAF39A8}.Release|x86.Build.0 = Release|Any CPU
		{671237E9-4320-4984-8AD7-A7E692BE6D28}.Debug|Any CPU.ActiveCfg = Debug|Any CPU
		{671237E9-4320-4984-8AD7-A7E692BE6D28}.Debug|Any CPU.Build.0 = Debug|Any CPU
		{671237E9-4320-4984-8AD7-A7E692BE6D28}.Debug|x64.ActiveCfg = Debug|x64
		{671237E9-4320-4984-8AD7-A7E692BE6D28}.Debug|x64.Build.0 = Debug|x64
		{671237E9-4320-4984-8AD7-A7E692BE6D28}.Debug|x86.ActiveCfg = Debug|Any CPU
		{671237E9-4320-4984-8AD7-A7E692BE6D28}.Debug|x86.Build.0 = Debug|Any CPU
		{671237E9-4320-4984-8AD7-A7E692BE6D28}.Debug-Minimal|Any CPU.ActiveCfg = Debug|Any CPU
		{671237E9-4320-4984-8AD7-A7E692BE6D28}.Debug-Minimal|Any CPU.Build.0 = Debug|Any CPU
		{671237E9-4320-4984-8AD7-A7E692BE6D28}.Debug-Minimal|x64.ActiveCfg = Debug|x64
		{671237E9-4320-4984-8AD7-A7E692BE6D28}.Debug-Minimal|x64.Build.0 = Debug|x64
		{671237E9-4320-4984-8AD7-A7E692BE6D28}.Debug-Minimal|x86.ActiveCfg = Debug|Any CPU
		{671237E9-4320-4984-8AD7-A7E692BE6D28}.Debug-Minimal|x86.Build.0 = Debug|Any CPU
		{671237E9-4320-4984-8AD7-A7E692BE6D28}.Publish|Any CPU.ActiveCfg = Release|Any CPU
		{671237E9-4320-4984-8AD7-A7E692BE6D28}.Publish|Any CPU.Build.0 = Release|Any CPU
		{671237E9-4320-4984-8AD7-A7E692BE6D28}.Publish|x64.ActiveCfg = Release|x64
		{671237E9-4320-4984-8AD7-A7E692BE6D28}.Publish|x64.Build.0 = Release|x64
		{671237E9-4320-4984-8AD7-A7E692BE6D28}.Publish|x86.ActiveCfg = Release|Any CPU
		{671237E9-4320-4984-8AD7-A7E692BE6D28}.Publish|x86.Build.0 = Release|Any CPU
		{671237E9-4320-4984-8AD7-A7E692BE6D28}.Release|Any CPU.ActiveCfg = Release|Any CPU
		{671237E9-4320-4984-8AD7-A7E692BE6D28}.Release|Any CPU.Build.0 = Release|Any CPU
		{671237E9-4320-4984-8AD7-A7E692BE6D28}.Release|x64.ActiveCfg = Release|Any CPU
		{671237E9-4320-4984-8AD7-A7E692BE6D28}.Release|x64.Build.0 = Release|Any CPU
		{671237E9-4320-4984-8AD7-A7E692BE6D28}.Release|x86.ActiveCfg = Release|Any CPU
		{671237E9-4320-4984-8AD7-A7E692BE6D28}.Release|x86.Build.0 = Release|Any CPU
		{BF2D7B0B-F248-4EAF-8100-4E8E4F8E69BD}.Debug|Any CPU.ActiveCfg = Debug|Any CPU
		{BF2D7B0B-F248-4EAF-8100-4E8E4F8E69BD}.Debug|Any CPU.Build.0 = Debug|Any CPU
		{BF2D7B0B-F248-4EAF-8100-4E8E4F8E69BD}.Debug|x64.ActiveCfg = Debug|x64
		{BF2D7B0B-F248-4EAF-8100-4E8E4F8E69BD}.Debug|x64.Build.0 = Debug|x64
		{BF2D7B0B-F248-4EAF-8100-4E8E4F8E69BD}.Debug|x86.ActiveCfg = Debug|Any CPU
		{BF2D7B0B-F248-4EAF-8100-4E8E4F8E69BD}.Debug|x86.Build.0 = Debug|Any CPU
		{BF2D7B0B-F248-4EAF-8100-4E8E4F8E69BD}.Debug-Minimal|Any CPU.ActiveCfg = Debug|Any CPU
		{BF2D7B0B-F248-4EAF-8100-4E8E4F8E69BD}.Debug-Minimal|Any CPU.Build.0 = Debug|Any CPU
		{BF2D7B0B-F248-4EAF-8100-4E8E4F8E69BD}.Debug-Minimal|x64.ActiveCfg = Debug|x64
		{BF2D7B0B-F248-4EAF-8100-4E8E4F8E69BD}.Debug-Minimal|x64.Build.0 = Debug|x64
		{BF2D7B0B-F248-4EAF-8100-4E8E4F8E69BD}.Debug-Minimal|x86.ActiveCfg = Debug|Any CPU
		{BF2D7B0B-F248-4EAF-8100-4E8E4F8E69BD}.Debug-Minimal|x86.Build.0 = Debug|Any CPU
		{BF2D7B0B-F248-4EAF-8100-4E8E4F8E69BD}.Publish|Any CPU.ActiveCfg = Release|Any CPU
		{BF2D7B0B-F248-4EAF-8100-4E8E4F8E69BD}.Publish|Any CPU.Build.0 = Release|Any CPU
		{BF2D7B0B-F248-4EAF-8100-4E8E4F8E69BD}.Publish|x64.ActiveCfg = Release|x64
		{BF2D7B0B-F248-4EAF-8100-4E8E4F8E69BD}.Publish|x64.Build.0 = Release|x64
		{BF2D7B0B-F248-4EAF-8100-4E8E4F8E69BD}.Publish|x86.ActiveCfg = Release|Any CPU
		{BF2D7B0B-F248-4EAF-8100-4E8E4F8E69BD}.Publish|x86.Build.0 = Release|Any CPU
		{BF2D7B0B-F248-4EAF-8100-4E8E4F8E69BD}.Release|Any CPU.ActiveCfg = Release|Any CPU
		{BF2D7B0B-F248-4EAF-8100-4E8E4F8E69BD}.Release|Any CPU.Build.0 = Release|Any CPU
		{BF2D7B0B-F248-4EAF-8100-4E8E4F8E69BD}.Release|x64.ActiveCfg = Release|Any CPU
		{BF2D7B0B-F248-4EAF-8100-4E8E4F8E69BD}.Release|x64.Build.0 = Release|Any CPU
		{BF2D7B0B-F248-4EAF-8100-4E8E4F8E69BD}.Release|x86.ActiveCfg = Release|Any CPU
		{BF2D7B0B-F248-4EAF-8100-4E8E4F8E69BD}.Release|x86.Build.0 = Release|Any CPU
		{C8EA95F1-CCDD-4E32-802E-5A4A2239E1C0}.Debug|Any CPU.ActiveCfg = Debug|Any CPU
		{C8EA95F1-CCDD-4E32-802E-5A4A2239E1C0}.Debug|Any CPU.Build.0 = Debug|Any CPU
		{C8EA95F1-CCDD-4E32-802E-5A4A2239E1C0}.Debug|x64.ActiveCfg = Debug|x64
		{C8EA95F1-CCDD-4E32-802E-5A4A2239E1C0}.Debug|x64.Build.0 = Debug|x64
		{C8EA95F1-CCDD-4E32-802E-5A4A2239E1C0}.Debug|x86.ActiveCfg = Debug|Any CPU
		{C8EA95F1-CCDD-4E32-802E-5A4A2239E1C0}.Debug|x86.Build.0 = Debug|Any CPU
		{C8EA95F1-CCDD-4E32-802E-5A4A2239E1C0}.Debug-Minimal|Any CPU.ActiveCfg = Debug|Any CPU
		{C8EA95F1-CCDD-4E32-802E-5A4A2239E1C0}.Debug-Minimal|Any CPU.Build.0 = Debug|Any CPU
		{C8EA95F1-CCDD-4E32-802E-5A4A2239E1C0}.Debug-Minimal|x64.ActiveCfg = Debug|x64
		{C8EA95F1-CCDD-4E32-802E-5A4A2239E1C0}.Debug-Minimal|x64.Build.0 = Debug|x64
		{C8EA95F1-CCDD-4E32-802E-5A4A2239E1C0}.Debug-Minimal|x86.ActiveCfg = Debug|Any CPU
		{C8EA95F1-CCDD-4E32-802E-5A4A2239E1C0}.Debug-Minimal|x86.Build.0 = Debug|Any CPU
		{C8EA95F1-CCDD-4E32-802E-5A4A2239E1C0}.Publish|Any CPU.ActiveCfg = Release|Any CPU
		{C8EA95F1-CCDD-4E32-802E-5A4A2239E1C0}.Publish|Any CPU.Build.0 = Release|Any CPU
		{C8EA95F1-CCDD-4E32-802E-5A4A2239E1C0}.Publish|x64.ActiveCfg = Release|x64
		{C8EA95F1-CCDD-4E32-802E-5A4A2239E1C0}.Publish|x64.Build.0 = Release|x64
		{C8EA95F1-CCDD-4E32-802E-5A4A2239E1C0}.Publish|x86.ActiveCfg = Release|Any CPU
		{C8EA95F1-CCDD-4E32-802E-5A4A2239E1C0}.Publish|x86.Build.0 = Release|Any CPU
		{C8EA95F1-CCDD-4E32-802E-5A4A2239E1C0}.Release|Any CPU.ActiveCfg = Release|Any CPU
		{C8EA95F1-CCDD-4E32-802E-5A4A2239E1C0}.Release|Any CPU.Build.0 = Release|Any CPU
		{C8EA95F1-CCDD-4E32-802E-5A4A2239E1C0}.Release|x64.ActiveCfg = Release|Any CPU
		{C8EA95F1-CCDD-4E32-802E-5A4A2239E1C0}.Release|x64.Build.0 = Release|Any CPU
		{C8EA95F1-CCDD-4E32-802E-5A4A2239E1C0}.Release|x86.ActiveCfg = Release|Any CPU
		{C8EA95F1-CCDD-4E32-802E-5A4A2239E1C0}.Release|x86.Build.0 = Release|Any CPU
		{2414D2B0-2771-4282-9739-C92B307D8657}.Debug|Any CPU.ActiveCfg = Debug|Any CPU
		{2414D2B0-2771-4282-9739-C92B307D8657}.Debug|Any CPU.Build.0 = Debug|Any CPU
		{2414D2B0-2771-4282-9739-C92B307D8657}.Debug|x64.ActiveCfg = Debug|Any CPU
		{2414D2B0-2771-4282-9739-C92B307D8657}.Debug|x64.Build.0 = Debug|Any CPU
		{2414D2B0-2771-4282-9739-C92B307D8657}.Debug|x86.ActiveCfg = Debug|Any CPU
		{2414D2B0-2771-4282-9739-C92B307D8657}.Debug|x86.Build.0 = Debug|Any CPU
		{2414D2B0-2771-4282-9739-C92B307D8657}.Debug-Minimal|Any CPU.ActiveCfg = Debug|Any CPU
		{2414D2B0-2771-4282-9739-C92B307D8657}.Debug-Minimal|Any CPU.Build.0 = Debug|Any CPU
		{2414D2B0-2771-4282-9739-C92B307D8657}.Debug-Minimal|x64.ActiveCfg = Debug|Any CPU
		{2414D2B0-2771-4282-9739-C92B307D8657}.Debug-Minimal|x64.Build.0 = Debug|Any CPU
		{2414D2B0-2771-4282-9739-C92B307D8657}.Debug-Minimal|x86.ActiveCfg = Debug|Any CPU
		{2414D2B0-2771-4282-9739-C92B307D8657}.Debug-Minimal|x86.Build.0 = Debug|Any CPU
		{2414D2B0-2771-4282-9739-C92B307D8657}.Publish|Any CPU.ActiveCfg = Debug|Any CPU
		{2414D2B0-2771-4282-9739-C92B307D8657}.Publish|Any CPU.Build.0 = Debug|Any CPU
		{2414D2B0-2771-4282-9739-C92B307D8657}.Publish|x64.ActiveCfg = Debug|Any CPU
		{2414D2B0-2771-4282-9739-C92B307D8657}.Publish|x64.Build.0 = Debug|Any CPU
		{2414D2B0-2771-4282-9739-C92B307D8657}.Publish|x86.ActiveCfg = Debug|Any CPU
		{2414D2B0-2771-4282-9739-C92B307D8657}.Publish|x86.Build.0 = Debug|Any CPU
		{2414D2B0-2771-4282-9739-C92B307D8657}.Release|Any CPU.ActiveCfg = Release|Any CPU
		{2414D2B0-2771-4282-9739-C92B307D8657}.Release|Any CPU.Build.0 = Release|Any CPU
		{2414D2B0-2771-4282-9739-C92B307D8657}.Release|x64.ActiveCfg = Release|Any CPU
		{2414D2B0-2771-4282-9739-C92B307D8657}.Release|x64.Build.0 = Release|Any CPU
		{2414D2B0-2771-4282-9739-C92B307D8657}.Release|x86.ActiveCfg = Release|Any CPU
		{2414D2B0-2771-4282-9739-C92B307D8657}.Release|x86.Build.0 = Release|Any CPU
		{B31E0826-3F80-41F2-B3BB-946BB327DD77}.Debug|Any CPU.ActiveCfg = Debug|Any CPU
		{B31E0826-3F80-41F2-B3BB-946BB327DD77}.Debug|Any CPU.Build.0 = Debug|Any CPU
		{B31E0826-3F80-41F2-B3BB-946BB327DD77}.Debug|x64.ActiveCfg = Debug|Any CPU
		{B31E0826-3F80-41F2-B3BB-946BB327DD77}.Debug|x64.Build.0 = Debug|Any CPU
		{B31E0826-3F80-41F2-B3BB-946BB327DD77}.Debug|x86.ActiveCfg = Debug|Any CPU
		{B31E0826-3F80-41F2-B3BB-946BB327DD77}.Debug|x86.Build.0 = Debug|Any CPU
		{B31E0826-3F80-41F2-B3BB-946BB327DD77}.Debug-Minimal|Any CPU.ActiveCfg = Debug|Any CPU
		{B31E0826-3F80-41F2-B3BB-946BB327DD77}.Debug-Minimal|Any CPU.Build.0 = Debug|Any CPU
		{B31E0826-3F80-41F2-B3BB-946BB327DD77}.Debug-Minimal|x64.ActiveCfg = Debug|Any CPU
		{B31E0826-3F80-41F2-B3BB-946BB327DD77}.Debug-Minimal|x64.Build.0 = Debug|Any CPU
		{B31E0826-3F80-41F2-B3BB-946BB327DD77}.Debug-Minimal|x86.ActiveCfg = Debug|Any CPU
		{B31E0826-3F80-41F2-B3BB-946BB327DD77}.Debug-Minimal|x86.Build.0 = Debug|Any CPU
		{B31E0826-3F80-41F2-B3BB-946BB327DD77}.Publish|Any CPU.ActiveCfg = Debug|Any CPU
		{B31E0826-3F80-41F2-B3BB-946BB327DD77}.Publish|Any CPU.Build.0 = Debug|Any CPU
		{B31E0826-3F80-41F2-B3BB-946BB327DD77}.Publish|x64.ActiveCfg = Debug|Any CPU
		{B31E0826-3F80-41F2-B3BB-946BB327DD77}.Publish|x64.Build.0 = Debug|Any CPU
		{B31E0826-3F80-41F2-B3BB-946BB327DD77}.Publish|x86.ActiveCfg = Debug|Any CPU
		{B31E0826-3F80-41F2-B3BB-946BB327DD77}.Publish|x86.Build.0 = Debug|Any CPU
		{B31E0826-3F80-41F2-B3BB-946BB327DD77}.Release|Any CPU.ActiveCfg = Release|Any CPU
		{B31E0826-3F80-41F2-B3BB-946BB327DD77}.Release|Any CPU.Build.0 = Release|Any CPU
		{B31E0826-3F80-41F2-B3BB-946BB327DD77}.Release|x64.ActiveCfg = Release|Any CPU
		{B31E0826-3F80-41F2-B3BB-946BB327DD77}.Release|x64.Build.0 = Release|Any CPU
		{B31E0826-3F80-41F2-B3BB-946BB327DD77}.Release|x86.ActiveCfg = Release|Any CPU
		{B31E0826-3F80-41F2-B3BB-946BB327DD77}.Release|x86.Build.0 = Release|Any CPU
	EndGlobalSection
	GlobalSection(SolutionProperties) = preSolution
		HideSolutionNode = FALSE
	EndGlobalSection
	GlobalSection(ExtensibilityGlobals) = postSolution
		SolutionGuid = {06479ACE-93F6-46C4-9563-169795BDEF5D}
	EndGlobalSection
EndGlobal
